# This file was autogenerated by uv via the following command:
#    uv export --no-hashes -o requirements-dev.lock
-e .
alabaster==0.7.16
appnope==0.1.4 ; sys_platform == 'darwin'
asttokens==3.0.0
attrs==25.3.0
babel==2.17.0
beautifulsoup4==4.13.5
bleach==6.2.0
boltons==24.0.0
bracex==2.6
certifi==2025.8.3
cffi==2.0.0 ; implementation_name == 'pypy'
charset-normalizer==3.4.3
click==8.1.8
click-extra==4.10.0
cloup==3.0.8
colorama==0.4.6 ; sys_platform == 'win32'
comm==0.2.3
commentjson==0.9.0
contourpy==1.3.0 ; python_full_version < '3.10'
contourpy==1.3.2 ; python_full_version == '3.10.*'
contourpy==1.3.3 ; python_full_version >= '3.11'
cycler==0.12.1
debugpy==1.8.17
decorator==5.2.1
defusedxml==0.7.1
distro==1.9.0
docutils==0.21.2
exceptiongroup==1.3.0 ; python_full_version < '3.11'
executing==2.2.1
extra-platforms==1.2.1
fastjsonschema==2.21.2
fonttools==4.60.0
greenlet==3.2.4 ; (python_full_version < '3.14' and platform_machine == 'AMD64') or (python_full_version < '3.14' and platform_machine == 'WIN32') or (python_full_version < '3.14' and platform_machine == 'aarch64') or (python_full_version < '3.14' and platform_machine == 'amd64') or (python_full_version < '3.14' and platform_machine == 'ppc64le') or (python_full_version < '3.14' and platform_machine == 'win32') or (python_full_version < '3.14' and platform_machine == 'x86_64')
idna==3.10
imagesize==1.4.1
importlib-metadata==8.7.0 ; python_full_version < '3.10'
importlib-resources==6.5.2 ; python_full_version < '3.10'
ipykernel==6.30.1
ipython==8.18.1 ; python_full_version < '3.10'
ipython==8.37.0 ; python_full_version == '3.10.*'
ipython==9.5.0 ; python_full_version >= '3.11'
ipython-pygments-lexers==1.1.1 ; python_full_version >= '3.11'
ipywidgets==8.1.7
jedi==0.19.2
jinja2==3.1.6
jsonschema==4.25.1
jsonschema-specifications==2025.9.1
jupyter-client==8.6.3
jupyter-core==5.8.1
jupyter-sphinx==0.5.3
jupyterlab-pygments==0.3.0
jupyterlab-widgets==3.0.15
kiwisolver==1.4.7 ; python_full_version < '3.10'
kiwisolver==1.4.9 ; python_full_version >= '3.10'
lark-parser==0.7.8
markdown-it-py==3.0.0
markupsafe==3.0.2
matplotlib==3.9.4 ; python_full_version < '3.10'
matplotlib==3.10.6 ; python_full_version >= '3.10'
matplotlib-inline==0.1.7
mdit-py-plugins==0.4.2 ; python_full_version < '3.10'
mdit-py-plugins==0.5.0 ; python_full_version >= '3.10'
mdurl==0.1.2
mergedeep==1.3.4
mistune==3.1.4
myst-parser==3.0.1 ; python_full_version < '3.10'
myst-parser==4.0.1 ; python_full_version >= '3.10'
nbclient==0.10.2
nbconvert==7.16.6
nbformat==5.10.4
nbsphinx==0.9.7
nest-asyncio==1.6.0
numpy==2.0.2 ; python_full_version < '3.10'
numpy==2.2.6 ; python_full_version == '3.10.*'
numpy==2.3.3 ; python_full_version >= '3.11'
numpydoc==1.9.0
packaging==25.0
pallets-sphinx-themes==2.1.3
pandas==2.3.2
pandocfilters==1.5.1
parso==0.8.5
pexpect==4.9.0 ; (python_full_version < '3.10' and sys_platform == 'emscripten') or (sys_platform != 'emscripten' and sys_platform != 'win32')
pillow==11.3.0
platformdirs==4.4.0
prompt-toolkit==3.0.52
psutil==7.1.0
ptyprocess==0.7.0 ; (python_full_version < '3.10' and sys_platform == 'emscripten') or (sys_platform != 'emscripten' and sys_platform != 'win32')
pure-eval==0.2.3
pycparser==2.23 ; implementation_name == 'pypy'
pygments==2.19.2
pygments-ansi-color==0.3.0
pygments-styles==0.1.0
pyparsing==3.2.5
python-dateutil==2.9.0.post0
pytz==2025.2
pywin32==311 ; platform_python_implementation != 'PyPy' and sys_platform == 'win32'
pyyaml==6.0.2
pyzmq==27.1.0
referencing==0.36.2
requests==2.32.5
rpds-py==0.27.1
setuptools==80.9.0
six==1.17.0
snowballstemmer==3.0.1
soupsieve==2.8
sphinx==7.3.7
sphinx-click==6.0.0 ; python_full_version < '3.10'
sphinx-click==6.1.0 ; python_full_version >= '3.10'
sphinx-contributors==0.2.7
sphinx-copybutton==0.5.2
sphinx-datatables==0.3.1
sphinx-design==0.6.1
sphinx-docsearch==0.0.8
sphinx-iconify==0.2.0
sphinx-last-updated-by-git==0.3.8
sphinx-sitemap==2.8.0
sphinx-sqlalchemy==0.3.0
sphinx-togglebutton==0.3.2
sphinxcontrib-applehelp==2.0.0
sphinxcontrib-devhelp==2.0.0
sphinxcontrib-htmlhelp==2.1.0
sphinxcontrib-jquery==4.1
sphinxcontrib-jsmath==1.0.1
sphinxcontrib-mermaid==1.0.0
sphinxcontrib-qthelp==2.0.0
sphinxcontrib-serializinghtml==2.0.0
sphinxcontrib-video==0.4.1
sphinxcontrib-youtube==1.4.1
sqlalchemy==2.0.43
stack-data==0.6.3
tabulate==0.9.0
tinycss2==1.4.0
tomli==2.0.2 ; python_full_version < '3.11'
tornado==6.5.2
traitlets==5.14.3
typing-extensions==4.15.0
tzdata==2025.2
urllib3==2.5.0
wcmatch==9.0
wcwidth==0.2.13
webencodings==0.5.1
wheel==0.45.1
widgetsnbextension==4.0.14
xmltodict==0.13.0
zipp==3.23.0 ; python_full_version < '3.10'
